
Microsoft Visual Studio Solution File, Format Version 12.00
# Visual Studio Version 17
VisualStudioVersion = 17.2.32519.379
MinimumVisualStudioVersion = 10.0.40219.1
Project("{9A19103F-16F7-4668-BE54-9A1E7A4F7556}") = "misaligned", "misaligned\misaligned.csproj", "{5AE8E33D-0A9F-4D91-BE28-6000FCDA9387}"
EndProject
Project("{9A19103F-16F7-4668-BE54-9A1E7A4F7556}") = "tshirts", "tshirts\tshirts.csproj", "{8E49CDAF-1488-4CF4-81AE-A2B314BD1243}"
EndProject
Project("{2150E333-8FDC-42A3-9474-1A3956D46DE8}") = "Solution Items", "Solution Items", "{E678BA81-684C-40D6-A0D5-B835A93E6F04}"
	ProjectSection(SolutionItems) = preProject
		.gitignore = .gitignore
		.github\workflows\expectfail.sh = .github\workflows\expectfail.sh
		.github\workflows\main-workflow.yml = .github\workflows\main-workflow.yml
		README.md = README.md
	EndProjectSection
EndProject
Project("{9A19103F-16F7-4668-BE54-9A1E7A4F7556}") = "weatherreport", "weatherreport\weatherreport.csproj", "{15D69375-02C2-43A4-89FF-62A2FB803FC8}"
EndProject
Project("{9A19103F-16F7-4668-BE54-9A1E7A4F7556}") = "tshirts.tests", "tshirts.tests\tshirts.tests.csproj", "{A1B2C3D4-E5F6-7890-ABCD-EF1234567890}"
EndProject
Project("{9A19103F-16F7-4668-BE54-9A1E7A4F7556}") = "misaligned.tests", "misaligned.tests\misaligned.tests.csproj", "{B2C3D4E5-F6G7-8901-BCDE-F23456789012}"
EndProject
Project("{9A19103F-16F7-4668-BE54-9A1E7A4F7556}") = "weatherreport.tests", "weatherreport.tests\weatherreport.tests.csproj", "{C3D4E5F6-G7H8-9012-CDEF-345678901234}"
EndProject
Global
	GlobalSection(SolutionConfigurationPlatforms) = preSolution
		Debug|Any CPU = Debug|Any CPU
		Release|Any CPU = Release|Any CPU
	EndGlobalSection
	GlobalSection(ProjectConfigurationPlatforms) = postSolution
		{5AE8E33D-0A9F-4D91-BE28-6000FCDA9387}.Debug|Any CPU.ActiveCfg = Debug|Any CPU
		{5AE8E33D-0A9F-4D91-BE28-6000FCDA9387}.Debug|Any CPU.Build.0 = Debug|Any CPU
		{5AE8E33D-0A9F-4D91-BE28-6000FCDA9387}.Release|Any CPU.ActiveCfg = Release|Any CPU
		{5AE8E33D-0A9F-4D91-BE28-6000FCDA9387}.Release|Any CPU.Build.0 = Release|Any CPU
		{8E49CDAF-1488-4CF4-81AE-A2B314BD1243}.Debug|Any CPU.ActiveCfg = Debug|Any CPU
		{8E49CDAF-1488-4CF4-81AE-A2B314BD1243}.Debug|Any CPU.Build.0 = Debug|Any CPU
		{8E49CDAF-1488-4CF4-81AE-A2B314BD1243}.Release|Any CPU.ActiveCfg = Release|Any CPU
		{8E49CDAF-1488-4CF4-81AE-A2B314BD1243}.Release|Any CPU.Build.0 = Release|Any CPU
		{15D69375-02C2-43A4-89FF-62A2FB803FC8}.Debug|Any CPU.ActiveCfg = Debug|Any CPU
		{15D69375-02C2-43A4-89FF-62A2FB803FC8}.Debug|Any CPU.Build.0 = Debug|Any CPU
		{15D69375-02C2-43A4-89FF-62A2FB803FC8}.Release|Any CPU.ActiveCfg = Release|Any CPU
		{15D69375-02C2-43A4-89FF-62A2FB803FC8}.Release|Any CPU.Build.0 = Release|Any CPU
		{A1B2C3D4-E5F6-7890-ABCD-EF1234567890}.Debug|Any CPU.ActiveCfg = Debug|Any CPU
		{A1B2C3D4-E5F6-7890-ABCD-EF1234567890}.Debug|Any CPU.Build.0 = Debug|Any CPU
		{A1B2C3D4-E5F6-7890-ABCD-EF1234567890}.Release|Any CPU.ActiveCfg = Release|Any CPU
		{A1B2C3D4-E5F6-7890-ABCD-EF1234567890}.Release|Any CPU.Build.0 = Release|Any CPU
		{B2C3D4E5-F6G7-8901-BCDE-F23456789012}.Debug|Any CPU.ActiveCfg = Debug|Any CPU
		{B2C3D4E5-F6G7-8901-BCDE-F23456789012}.Debug|Any CPU.Build.0 = Debug|Any CPU
		{B2C3D4E5-F6G7-8901-BCDE-F23456789012}.Release|Any CPU.ActiveCfg = Release|Any CPU
		{B2C3D4E5-F6G7-8901-BCDE-F23456789012}.Release|Any CPU.Build.0 = Release|Any CPU
		{C3D4E5F6-G7H8-9012-CDEF-345678901234}.Debug|Any CPU.ActiveCfg = Debug|Any CPU
		{C3D4E5F6-G7H8-9012-CDEF-345678901234}.Debug|Any CPU.Build.0 = Debug|Any CPU
		{C3D4E5F6-G7H8-9012-CDEF-345678901234}.Release|Any CPU.ActiveCfg = Release|Any CPU
		{C3D4E5F6-G7H8-9012-CDEF-345678901234}.Release|Any CPU.Build.0 = Release|Any CPU
	EndGlobalSection
	GlobalSection(SolutionProperties) = preSolution
		HideSolutionNode = FALSE
	EndGlobalSection
	GlobalSection(ExtensibilityGlobals) = postSolution
		SolutionGuid = {A92AED0E-6288-4F40-A5C7-E2DB17428209}
	EndGlobalSection
EndGlobal
